// !$*UTF8*$!
{
	archiveVersion = 1;
	classes = {
	};
	objectVersion = 56;
	objects = {

/* Begin PBXBuildFile section */
		D43D9AA72ADB977800062F28 /* UniPassApp.swift in Sources */ = {isa = PBXBuildFile; fileRef = D43D9AA62ADB977800062F28 /* UniPassApp.swift */; };
		D43D9AA92ADB977800062F28 /* ContentView.swift in Sources */ = {isa = PBXBuildFile; fileRef = D43D9AA82ADB977800062F28 /* ContentView.swift */; };
		D43D9AAB2ADB977C00062F28 /* Assets.xcassets in Resources */ = {isa = PBXBuildFile; fileRef = D43D9AAA2ADB977C00062F28 /* Assets.xcassets */; };
		D43D9AAE2ADB977C00062F28 /* Preview Assets.xcassets in Resources */ = {isa = PBXBuildFile; fileRef = D43D9AAD2ADB977C00062F28 /* Preview Assets.xcassets */; };
		D43D9AB82ADB977C00062F28 /* UniPassTests.swift in Sources */ = {isa = PBXBuildFile; fileRef = D43D9AB72ADB977C00062F28 /* UniPassTests.swift */; };
		D43D9AC22ADB977C00062F28 /* UniPassUITests.swift in Sources */ = {isa = PBXBuildFile; fileRef = D43D9AC12ADB977C00062F28 /* UniPassUITests.swift */; };
		D43D9AC42ADB977C00062F28 /* UniPassUITestsLaunchTests.swift in Sources */ = {isa = PBXBuildFile; fileRef = D43D9AC32ADB977C00062F28 /* UniPassUITestsLaunchTests.swift */; };
		D43D9AD12ADB989800062F28 /* UserAccountView.swift in Sources */ = {isa = PBXBuildFile; fileRef = D43D9AD02ADB989700062F28 /* UserAccountView.swift */; };
		D43D9ADB2ADCB43600062F28 /* LaunchView.swift in Sources */ = {isa = PBXBuildFile; fileRef = D43D9ADA2ADCB43600062F28 /* LaunchView.swift */; };
		D43D9ADD2ADCCA3F00062F28 /* CardView.swift in Sources */ = {isa = PBXBuildFile; fileRef = D43D9ADC2ADCCA3F00062F28 /* CardView.swift */; };
		D4402DC22AF0026D004B851C /* ResourcesView.swift in Sources */ = {isa = PBXBuildFile; fileRef = D4402DC12AF0026D004B851C /* ResourcesView.swift */; };
		D4402DC62AF865DD004B851C /* test.swift in Sources */ = {isa = PBXBuildFile; fileRef = D4402DC52AF865DD004B851C /* test.swift */; };
		D49977522AFD7D6400A93F86 /* CampusSafetyView.swift in Sources */ = {isa = PBXBuildFile; fileRef = D49977512AFD7D6400A93F86 /* CampusSafetyView.swift */; };
		D49977542AFD7DA800A93F86 /* MapView.swift in Sources */ = {isa = PBXBuildFile; fileRef = D49977532AFD7DA800A93F86 /* MapView.swift */; };
/* End PBXBuildFile section */

/* Begin PBXContainerItemProxy section */
		D43D9AB42ADB977C00062F28 /* PBXContainerItemProxy */ = {
			isa = PBXContainerItemProxy;
			containerPortal = D43D9A9B2ADB977800062F28 /* Project object */;
			proxyType = 1;
			remoteGlobalIDString = D43D9AA22ADB977800062F28;
			remoteInfo = UniPass;
		};
		D43D9ABE2ADB977C00062F28 /* PBXContainerItemProxy */ = {
			isa = PBXContainerItemProxy;
			containerPortal = D43D9A9B2ADB977800062F28 /* Project object */;
			proxyType = 1;
			remoteGlobalIDString = D43D9AA22ADB977800062F28;
			remoteInfo = UniPass;
		};
/* End PBXContainerItemProxy section */

/* Begin PBXFileReference section */
		D43D9AA32ADB977800062F28 /* UniPass.app */ = {isa = PBXFileReference; explicitFileType = wrapper.application; includeInIndex = 0; path = UniPass.app; sourceTree = BUILT_PRODUCTS_DIR; };
		D43D9AA62ADB977800062F28 /* UniPassApp.swift */ = {isa = PBXFileReference; lastKnownFileType = sourcecode.swift; path = UniPassApp.swift; sourceTree = "<group>"; };
		D43D9AA82ADB977800062F28 /* ContentView.swift */ = {isa = PBXFileReference; lastKnownFileType = sourcecode.swift; path = ContentView.swift; sourceTree = "<group>"; };
		D43D9AAA2ADB977C00062F28 /* Assets.xcassets */ = {isa = PBXFileReference; lastKnownFileType = folder.assetcatalog; path = Assets.xcassets; sourceTree = "<group>"; };
		D43D9AAD2ADB977C00062F28 /* Preview Assets.xcassets */ = {isa = PBXFileReference; lastKnownFileType = folder.assetcatalog; path = "Preview Assets.xcassets"; sourceTree = "<group>"; };
		D43D9AB32ADB977C00062F28 /* UniPassTests.xctest */ = {isa = PBXFileReference; explicitFileType = wrapper.cfbundle; includeInIndex = 0; path = UniPassTests.xctest; sourceTree = BUILT_PRODUCTS_DIR; };
		D43D9AB72ADB977C00062F28 /* UniPassTests.swift */ = {isa = PBXFileReference; lastKnownFileType = sourcecode.swift; path = UniPassTests.swift; sourceTree = "<group>"; };
		D43D9ABD2ADB977C00062F28 /* UniPassUITests.xctest */ = {isa = PBXFileReference; explicitFileType = wrapper.cfbundle; includeInIndex = 0; path = UniPassUITests.xctest; sourceTree = BUILT_PRODUCTS_DIR; };
		D43D9AC12ADB977C00062F28 /* UniPassUITests.swift */ = {isa = PBXFileReference; lastKnownFileType = sourcecode.swift; path = UniPassUITests.swift; sourceTree = "<group>"; };
		D43D9AC32ADB977C00062F28 /* UniPassUITestsLaunchTests.swift */ = {isa = PBXFileReference; lastKnownFileType = sourcecode.swift; path = UniPassUITestsLaunchTests.swift; sourceTree = "<group>"; };
		D43D9AD02ADB989700062F28 /* UserAccountView.swift */ = {isa = PBXFileReference; lastKnownFileType = sourcecode.swift; path = UserAccountView.swift; sourceTree = "<group>"; };
		D43D9ADA2ADCB43600062F28 /* LaunchView.swift */ = {isa = PBXFileReference; lastKnownFileType = sourcecode.swift; path = LaunchView.swift; sourceTree = "<group>"; };
		D43D9ADC2ADCCA3F00062F28 /* CardView.swift */ = {isa = PBXFileReference; lastKnownFileType = sourcecode.swift; path = CardView.swift; sourceTree = "<group>"; };
		D4402DC12AF0026D004B851C /* ResourcesView.swift */ = {isa = PBXFileReference; lastKnownFileType = sourcecode.swift; path = ResourcesView.swift; sourceTree = "<group>"; };
		D4402DC52AF865DD004B851C /* test.swift */ = {isa = PBXFileReference; lastKnownFileType = sourcecode.swift; path = test.swift; sourceTree = "<group>"; };
		D49977512AFD7D6400A93F86 /* CampusSafetyView.swift */ = {isa = PBXFileReference; lastKnownFileType = sourcecode.swift; path = CampusSafetyView.swift; sourceTree = "<group>"; };
		D49977532AFD7DA800A93F86 /* MapView.swift */ = {isa = PBXFileReference; lastKnownFileType = sourcecode.swift; path = MapView.swift; sourceTree = "<group>"; };
/* End PBXFileReference section */

/* Begin PBXFrameworksBuildPhase section */
		D43D9AA02ADB977800062F28 /* Frameworks */ = {
			isa = PBXFrameworksBuildPhase;
			buildActionMask = 2147483647;
			files = (
			);
			runOnlyForDeploymentPostprocessing = 0;
		};
		D43D9AB02ADB977C00062F28 /* Frameworks */ = {
			isa = PBXFrameworksBuildPhase;
			buildActionMask = 2147483647;
			files = (
			);
			runOnlyForDeploymentPostprocessing = 0;
		};
		D43D9ABA2ADB977C00062F28 /* Frameworks */ = {
			isa = PBXFrameworksBuildPhase;
			buildActionMask = 2147483647;
			files = (
			);
			runOnlyForDeploymentPostprocessing = 0;
		};
/* End PBXFrameworksBuildPhase section */

/* Begin PBXGroup section */
		D43D9A9A2ADB977800062F28 = {
			isa = PBXGroup;
			children = (
				D43D9AA52ADB977800062F28 /* UniPass */,
				D43D9AB62ADB977C00062F28 /* UniPassTests */,
				D43D9AC02ADB977C00062F28 /* UniPassUITests */,
				D43D9AA42ADB977800062F28 /* Products */,
			);
			sourceTree = "<group>";
		};
		D43D9AA42ADB977800062F28 /* Products */ = {
			isa = PBXGroup;
			children = (
				D43D9AA32ADB977800062F28 /* UniPass.app */,
				D43D9AB32ADB977C00062F28 /* UniPassTests.xctest */,
				D43D9ABD2ADB977C00062F28 /* UniPassUITests.xctest */,
			);
			name = Products;
			sourceTree = "<group>";
		};
		D43D9AA52ADB977800062F28 /* UniPass */ = {
			isa = PBXGroup;
			children = (
				D43D9AA62ADB977800062F28 /* UniPassApp.swift */,
				D4402DC52AF865DD004B851C /* test.swift */,
				D43D9AA82ADB977800062F28 /* ContentView.swift */,
				D43D9ADC2ADCCA3F00062F28 /* CardView.swift */,
				D43D9ADA2ADCB43600062F28 /* LaunchView.swift */,
				D43D9AD02ADB989700062F28 /* UserAccountView.swift */,
				D4402DC12AF0026D004B851C /* ResourcesView.swift */,
				D49977512AFD7D6400A93F86 /* CampusSafetyView.swift */,
				D49977532AFD7DA800A93F86 /* MapView.swift */,
				D43D9AAA2ADB977C00062F28 /* Assets.xcassets */,
				D43D9AAC2ADB977C00062F28 /* Preview Content */,
			);
			path = UniPass;
			sourceTree = "<group>";
		};
		D43D9AAC2ADB977C00062F28 /* Preview Content */ = {
			isa = PBXGroup;
			children = (
				D43D9AAD2ADB977C00062F28 /* Preview Assets.xcassets */,
			);
			path = "Preview Content";
			sourceTree = "<group>";
		};
		D43D9AB62ADB977C00062F28 /* UniPassTests */ = {
			isa = PBXGroup;
			children = (
				D43D9AB72ADB977C00062F28 /* UniPassTests.swift */,
			);
			path = UniPassTests;
			sourceTree = "<group>";
		};
		D43D9AC02ADB977C00062F28 /* UniPassUITests */ = {
			isa = PBXGroup;
			children = (
				D43D9AC12ADB977C00062F28 /* UniPassUITests.swift */,
				D43D9AC32ADB977C00062F28 /* UniPassUITestsLaunchTests.swift */,
			);
			path = UniPassUITests;
			sourceTree = "<group>";
		};
/* End PBXGroup section */

/* Begin PBXNativeTarget section */
		D43D9AA22ADB977800062F28 /* UniPass */ = {
			isa = PBXNativeTarget;
			buildConfigurationList = D43D9AC72ADB977C00062F28 /* Build configuration list for PBXNativeTarget "UniPass" */;
			buildPhases = (
				D43D9A9F2ADB977800062F28 /* Sources */,
				D43D9AA02ADB977800062F28 /* Frameworks */,
				D43D9AA12ADB977800062F28 /* Resources */,
			);
			buildRules = (
			);
			dependencies = (
			);
			name = UniPass;
			productName = UniPass;
			productReference = D43D9AA32ADB977800062F28 /* UniPass.app */;
			productType = "com.apple.product-type.application";
		};
		D43D9AB22ADB977C00062F28 /* UniPassTests */ = {
			isa = PBXNativeTarget;
			buildConfigurationList = D43D9ACA2ADB977C00062F28 /* Build configuration list for PBXNativeTarget "UniPassTests" */;
			buildPhases = (
				D43D9AAF2ADB977C00062F28 /* Sources */,
				D43D9AB02ADB977C00062F28 /* Frameworks */,
				D43D9AB12ADB977C00062F28 /* Resources */,
			);
			buildRules = (
			);
			dependencies = (
				D43D9AB52ADB977C00062F28 /* PBXTargetDependency */,
			);
			name = UniPassTests;
			productName = UniPassTests;
			productReference = D43D9AB32ADB977C00062F28 /* UniPassTests.xctest */;
			productType = "com.apple.product-type.bundle.unit-test";
		};
		D43D9ABC2ADB977C00062F28 /* UniPassUITests */ = {
			isa = PBXNativeTarget;
			buildConfigurationList = D43D9ACD2ADB977C00062F28 /* Build configuration list for PBXNativeTarget "UniPassUITests" */;
			buildPhases = (
				D43D9AB92ADB977C00062F28 /* Sources */,
				D43D9ABA2ADB977C00062F28 /* Frameworks */,
				D43D9ABB2ADB977C00062F28 /* Resources */,
			);
			buildRules = (
			);
			dependencies = (
				D43D9ABF2ADB977C00062F28 /* PBXTargetDependency */,
			);
			name = UniPassUITests;
			productName = UniPassUITests;
			productReference = D43D9ABD2ADB977C00062F28 /* UniPassUITests.xctest */;
			productType = "com.apple.product-type.bundle.ui-testing";
		};
/* End PBXNativeTarget section */

/* Begin PBXProject section */
		D43D9A9B2ADB977800062F28 /* Project object */ = {
			isa = PBXProject;
			attributes = {
				BuildIndependentTargetsInParallel = 1;
				LastSwiftUpdateCheck = 1500;
				LastUpgradeCheck = 1500;
				TargetAttributes = {
					D43D9AA22ADB977800062F28 = {
						CreatedOnToolsVersion = 15.0;
					};
					D43D9AB22ADB977C00062F28 = {
						CreatedOnToolsVersion = 15.0;
						TestTargetID = D43D9AA22ADB977800062F28;
					};
					D43D9ABC2ADB977C00062F28 = {
						CreatedOnToolsVersion = 15.0;
						TestTargetID = D43D9AA22ADB977800062F28;
					};
				};
			};
			buildConfigurationList = D43D9A9E2ADB977800062F28 /* Build configuration list for PBXProject "UniPass" */;
			compatibilityVersion = "Xcode 14.0";
			developmentRegion = en;
			hasScannedForEncodings = 0;
			knownRegions = (
				en,
				Base,
			);
			mainGroup = D43D9A9A2ADB977800062F28;
			productRefGroup = D43D9AA42ADB977800062F28 /* Products */;
			projectDirPath = "";
			projectRoot = "";
			targets = (
				D43D9AA22ADB977800062F28 /* UniPass */,
				D43D9AB22ADB977C00062F28 /* UniPassTests */,
				D43D9ABC2ADB977C00062F28 /* UniPassUITests */,
			);
		};
/* End PBXProject section */

/* Begin PBXResourcesBuildPhase section */
		D43D9AA12ADB977800062F28 /* Resources */ = {
			isa = PBXResourcesBuildPhase;
			buildActionMask = 2147483647;
			files = (
				D43D9AAE2ADB977C00062F28 /* Preview Assets.xcassets in Resources */,
				D43D9AAB2ADB977C00062F28 /* Assets.xcassets in Resources */,
			);
			runOnlyForDeploymentPostprocessing = 0;
		};
		D43D9AB12ADB977C00062F28 /* Resources */ = {
			isa = PBXResourcesBuildPhase;
			buildActionMask = 2147483647;
			files = (
			);
			runOnlyForDeploymentPostprocessing = 0;
		};
		D43D9ABB2ADB977C00062F28 /* Resources */ = {
			isa = PBXResourcesBuildPhase;
			buildActionMask = 2147483647;
			files = (
			);
			runOnlyForDeploymentPostprocessing = 0;
		};
/* End PBXResourcesBuildPhase section */

/* Begin PBXSourcesBuildPhase section */
		D43D9A9F2ADB977800062F28 /* Sources */ = {
			isa = PBXSourcesBuildPhase;
			buildActionMask = 2147483647;
			files = (
				D4402DC22AF0026D004B851C /* ResourcesView.swift in Sources */,
				D49977522AFD7D6400A93F86 /* CampusSafetyView.swift in Sources */,
				D43D9AD12ADB989800062F28 /* UserAccountView.swift in Sources */,
				D43D9ADB2ADCB43600062F28 /* LaunchView.swift in Sources */,
				D43D9AA92ADB977800062F28 /* ContentView.swift in Sources */,
				D4402DC62AF865DD004B851C /* test.swift in Sources */,
				D49977542AFD7DA800A93F86 /* MapView.swift in Sources */,
				D43D9AA72ADB977800062F28 /* UniPassApp.swift in Sources */,
				D43D9ADD2ADCCA3F00062F28 /* CardView.swift in Sources */,
			);
			runOnlyForDeploymentPostprocessing = 0;
		};
		D43D9AAF2ADB977C00062F28 /* Sources */ = {
			isa = PBXSourcesBuildPhase;
			buildActionMask = 2147483647;
			files = (
				D43D9AB82ADB977C00062F28 /* UniPassTests.swift in Sources */,
			);
			runOnlyForDeploymentPostprocessing = 0;
		};
		D43D9AB92ADB977C00062F28 /* Sources */ = {
			isa = PBXSourcesBuildPhase;
			buildActionMask = 2147483647;
			files = (
				D43D9AC42ADB977C00062F28 /* UniPassUITestsLaunchTests.swift in Sources */,
				D43D9AC22ADB977C00062F28 /* UniPassUITests.swift in Sources */,
			);
			runOnlyForDeploymentPostprocessing = 0;
		};
/* End PBXSourcesBuildPhase section */

/* Begin PBXTargetDependency section */
		D43D9AB52ADB977C00062F28 /* PBXTargetDependency */ = {
			isa = PBXTargetDependency;
			target = D43D9AA22ADB977800062F28 /* UniPass */;
			targetProxy = D43D9AB42ADB977C00062F28 /* PBXContainerItemProxy */;
		};
		D43D9ABF2ADB977C00062F28 /* PBXTargetDependency */ = {
			isa = PBXTargetDependency;
			target = D43D9AA22ADB977800062F28 /* UniPass */;
			targetProxy = D43D9ABE2ADB977C00062F28 /* PBXContainerItemProxy */;
		};
/* End PBXTargetDependency section */

/* Begin XCBuildConfiguration section */
		D43D9AC52ADB977C00062F28 /* Debug */ = {
			isa = XCBuildConfiguration;
			buildSettings = {
				ALWAYS_SEARCH_USER_PATHS = NO;
				ASSETCATALOG_COMPILER_GENERATE_SWIFT_ASSET_SYMBOL_EXTENSIONS = YES;
				CLANG_ANALYZER_NONNULL = YES;
				CLANG_ANALYZER_NUMBER_OBJECT_CONVERSION = YES_AGGRESSIVE;
				CLANG_CXX_LANGUAGE_STANDARD = "gnu++20";
				CLANG_ENABLE_MODULES = YES;
				CLANG_ENABLE_OBJC_ARC = YES;
				CLANG_ENABLE_OBJC_WEAK = YES;
				CLANG_WARN_BLOCK_CAPTURE_AUTORELEASING = YES;
				CLANG_WARN_BOOL_CONVERSION = YES;
				CLANG_WARN_COMMA = YES;
				CLANG_WARN_CONSTANT_CONVERSION = YES;
				CLANG_WARN_DEPRECATED_OBJC_IMPLEMENTATIONS = YES;
				CLANG_WARN_DIRECT_OBJC_ISA_USAGE = YES_ERROR;
				CLANG_WARN_DOCUMENTATION_COMMENTS = YES;
				CLANG_WARN_EMPTY_BODY = YES;
				CLANG_WARN_ENUM_CONVERSION = YES;
				CLANG_WARN_INFINITE_RECURSION = YES;
				CLANG_WARN_INT_CONVERSION = YES;
				CLANG_WARN_NON_LITERAL_NULL_CONVERSION = YES;
				CLANG_WARN_OBJC_IMPLICIT_RETAIN_SELF = YES;
				CLANG_WARN_OBJC_LITERAL_CONVERSION = YES;
				CLANG_WARN_OBJC_ROOT_CLASS = YES_ERROR;
				CLANG_WARN_QUOTED_INCLUDE_IN_FRAMEWORK_HEADER = YES;
				CLANG_WARN_RANGE_LOOP_ANALYSIS = YES;
				CLANG_WARN_STRICT_PROTOTYPES = YES;
				CLANG_WARN_SUSPICIOUS_MOVE = YES;
				CLANG_WARN_UNGUARDED_AVAILABILITY = YES_AGGRESSIVE;
				CLANG_WARN_UNREACHABLE_CODE = YES;
				CLANG_WARN__DUPLICATE_METHOD_MATCH = YES;
				COPY_PHASE_STRIP = NO;
				DEBUG_INFORMATION_FORMAT = dwarf;
				ENABLE_STRICT_OBJC_MSGSEND = YES;
				ENABLE_TESTABILITY = YES;
				ENABLE_USER_SCRIPT_SANDBOXING = YES;
				GCC_C_LANGUAGE_STANDARD = gnu17;
				GCC_DYNAMIC_NO_PIC = NO;
				GCC_NO_COMMON_BLOCKS = YES;
				GCC_OPTIMIZATION_LEVEL = 0;
				GCC_PREPROCESSOR_DEFINITIONS = (
					"DEBUG=1",
					"$(inherited)",
				);
				GCC_WARN_64_TO_32_BIT_CONVERSION = YES;
				GCC_WARN_ABOUT_RETURN_TYPE = YES_ERROR;
				GCC_WARN_UNDECLARED_SELECTOR = YES;
				GCC_WARN_UNINITIALIZED_AUTOS = YES_AGGRESSIVE;
				GCC_WARN_UNUSED_FUNCTION = YES;
				GCC_WARN_UNUSED_VARIABLE = YES;
				IPHONEOS_DEPLOYMENT_TARGET = 17.0;
				LOCALIZATION_PREFERS_STRING_CATALOGS = YES;
				MTL_ENABLE_DEBUG_INFO = INCLUDE_SOURCE;
				MTL_FAST_MATH = YES;
				ONLY_ACTIVE_ARCH = YES;
				SDKROOT = iphoneos;
				SWIFT_ACTIVE_COMPILATION_CONDITIONS = "DEBUG $(inherited)";
				SWIFT_OPTIMIZATION_LEVEL = "-Onone";
			};
			name = Debug;
		};
		D43D9AC62ADB977C00062F28 /* Release */ = {
			isa = XCBuildConfiguration;
			buildSettings = {
				ALWAYS_SEARCH_USER_PATHS = NO;
				ASSETCATALOG_COMPILER_GENERATE_SWIFT_ASSET_SYMBOL_EXTENSIONS = YES;
				CLANG_ANALYZER_NONNULL = YES;
				CLANG_ANALYZER_NUMBER_OBJECT_CONVERSION = YES_AGGRESSIVE;
				CLANG_CXX_LANGUAGE_STANDARD = "gnu++20";
				CLANG_ENABLE_MODULES = YES;
				CLANG_ENABLE_OBJC_ARC = YES;
				CLANG_ENABLE_OBJC_WEAK = YES;
				CLANG_WARN_BLOCK_CAPTURE_AUTORELEASING = YES;
				CLANG_WARN_BOOL_CONVERSION = YES;
				CLANG_WARN_COMMA = YES;
				CLANG_WARN_CONSTANT_CONVERSION = YES;
				CLANG_WARN_DEPRECATED_OBJC_IMPLEMENTATIONS = YES;
				CLANG_WARN_DIRECT_OBJC_ISA_USAGE = YES_ERROR;
				CLANG_WARN_DOCUMENTATION_COMMENTS = YES;
				CLANG_WARN_EMPTY_BODY = YES;
				CLANG_WARN_ENUM_CONVERSION = YES;
				CLANG_WARN_INFINITE_RECURSION = YES;
				CLANG_WARN_INT_CONVERSION = YES;
				CLANG_WARN_NON_LITERAL_NULL_CONVERSION = YES;
				CLANG_WARN_OBJC_IMPLICIT_RETAIN_SELF = YES;
				CLANG_WARN_OBJC_LITERAL_CONVERSION = YES;
				CLANG_WARN_OBJC_ROOT_CLASS = YES_ERROR;
				CLANG_WARN_QUOTED_INCLUDE_IN_FRAMEWORK_HEADER = YES;
				CLANG_WARN_RANGE_LOOP_ANALYSIS = YES;
				CLANG_WARN_STRICT_PROTOTYPES = YES;
				CLANG_WARN_SUSPICIOUS_MOVE = YES;
				CLANG_WARN_UNGUARDED_AVAILABILITY = YES_AGGRESSIVE;
				CLANG_WARN_UNREACHABLE_CODE = YES;
				CLANG_WARN__DUPLICATE_METHOD_MATCH = YES;
				COPY_PHASE_STRIP = NO;
				DEBUG_INFORMATION_FORMAT = "dwarf-with-dsym";
				ENABLE_NS_ASSERTIONS = NO;
				ENABLE_STRICT_OBJC_MSGSEND = YES;
				ENABLE_USER_SCRIPT_SANDBOXING = YES;
				GCC_C_LANGUAGE_STANDARD = gnu17;
				GCC_NO_COMMON_BLOCKS = YES;
				GCC_WARN_64_TO_32_BIT_CONVERSION = YES;
				GCC_WARN_ABOUT_RETURN_TYPE = YES_ERROR;
				GCC_WARN_UNDECLARED_SELECTOR = YES;
				GCC_WARN_UNINITIALIZED_AUTOS = YES_AGGRESSIVE;
				GCC_WARN_UNUSED_FUNCTION = YES;
				GCC_WARN_UNUSED_VARIABLE = YES;
				IPHONEOS_DEPLOYMENT_TARGET = 17.0;
				LOCALIZATION_PREFERS_STRING_CATALOGS = YES;
				MTL_ENABLE_DEBUG_INFO = NO;
				MTL_FAST_MATH = YES;
				SDKROOT = iphoneos;
				SWIFT_COMPILATION_MODE = wholemodule;
				VALIDATE_PRODUCT = YES;
			};
			name = Release;
		};
		D43D9AC82ADB977C00062F28 /* Debug */ = {
			isa = XCBuildConfiguration;
			buildSettings = {
				ASSETCATALOG_COMPILER_APPICON_NAME = AppIcon;
				ASSETCATALOG_COMPILER_GLOBAL_ACCENT_COLOR_NAME = AccentColor;
				CODE_SIGN_STYLE = Automatic;
				CURRENT_PROJECT_VERSION = 1;
				DEVELOPMENT_ASSET_PATHS = "\"UniPass/Preview Content\"";
				ENABLE_PREVIEWS = YES;
				GENERATE_INFOPLIST_FILE = YES;
				INFOPLIST_KEY_UIApplicationSceneManifest_Generation = YES;
				INFOPLIST_KEY_UIApplicationSupportsIndirectInputEvents = YES;
				INFOPLIST_KEY_UILaunchScreen_Generation = YES;
				INFOPLIST_KEY_UISupportedInterfaceOrientations_iPad = "UIInterfaceOrientationPortrait UIInterfaceOrientationPortraitUpsideDown UIInterfaceOrientationLandscapeLeft UIInterfaceOrientationLandscapeRight";
				INFOPLIST_KEY_UISupportedInterfaceOrientations_iPhone = "UIInterfaceOrientationPortrait UIInterfaceOrientationLandscapeLeft UIInterfaceOrientationLandscapeRight";
				LD_RUNPATH_SEARCH_PATHS = (
					"$(inherited)",
					"@executable_path/Frameworks",
				);
				MARKETING_VERSION = 1.0;
				PRODUCT_BUNDLE_IDENTIFIER = com.example.UniPass;
				PRODUCT_NAME = "$(TARGET_NAME)";
				SWIFT_EMIT_LOC_STRINGS = YES;
				SWIFT_VERSION = 5.0;
				TARGETED_DEVICE_FAMILY = "1,2";
			};
			name = Debug;
		};
		D43D9AC92ADB977C00062F28 /* Release */ = {
			isa = XCBuildConfiguration;
			buildSettings = {
				ASSETCATALOG_COMPILER_APPICON_NAME = AppIcon;
				ASSETCATALOG_COMPILER_GLOBAL_ACCENT_COLOR_NAME = AccentColor;
				CODE_SIGN_STYLE = Automatic;
				CURRENT_PROJECT_VERSION = 1;
				DEVELOPMENT_ASSET_PATHS = "\"UniPass/Preview Content\"";
				ENABLE_PREVIEWS = YES;
				GENERATE_INFOPLIST_FILE = YES;
				INFOPLIST_KEY_UIApplicationSceneManifest_Generation = YES;
				INFOPLIST_KEY_UIApplicationSupportsIndirectInputEvents = YES;
				INFOPLIST_KEY_UILaunchScreen_Generation = YES;
				INFOPLIST_KEY_UISupportedInterfaceOrientations_iPad = "UIInterfaceOrientationPortrait UIInterfaceOrientationPortraitUpsideDown UIInterfaceOrientationLandscapeLeft UIInterfaceOrientationLandscapeRight";
				INFOPLIST_KEY_UISupportedInterfaceOrientations_iPhone = "UIInterfaceOrientationPortrait UIInterfaceOrientationLandscapeLeft UIInterfaceOrientationLandscapeRight";
				LD_RUNPATH_SEARCH_PATHS = (
					"$(inherited)",
					"@executable_path/Frameworks",
				);
				MARKETING_VERSION = 1.0;
				PRODUCT_BUNDLE_IDENTIFIER = com.example.UniPass;
				PRODUCT_NAME = "$(TARGET_NAME)";
				SWIFT_EMIT_LOC_STRINGS = YES;
				SWIFT_VERSION = 5.0;
				TARGETED_DEVICE_FAMILY = "1,2";
			};
			name = Release;
		};
		D43D9ACB2ADB977C00062F28 /* Debug */ = {
			isa = XCBuildConfiguration;
			buildSettings = {
				ALWAYS_EMBED_SWIFT_STANDARD_LIBRARIES = YES;
				BUNDLE_LOADER = "$(TEST_HOST)";
				CODE_SIGN_STYLE = Automatic;
				CURRENT_PROJECT_VERSION = 1;
				GENERATE_INFOPLIST_FILE = YES;
				IPHONEOS_DEPLOYMENT_TARGET = 17.0;
				MARKETING_VERSION = 1.0;
				PRODUCT_BUNDLE_IDENTIFIER = com.example.UniPassTests;
				PRODUCT_NAME = "$(TARGET_NAME)";
				SWIFT_EMIT_LOC_STRINGS = NO;
				SWIFT_VERSION = 5.0;
				TARGETED_DEVICE_FAMILY = "1,2";
				TEST_HOST = "$(BUILT_PRODUCTS_DIR)/UniPass.app/$(BUNDLE_EXECUTABLE_FOLDER_PATH)/UniPass";
			};
			name = Debug;
		};
		D43D9ACC2ADB977C00062F28 /* Release */ = {
			isa = XCBuildConfiguration;
			buildSettings = {
				ALWAYS_EMBED_SWIFT_STANDARD_LIBRARIES = YES;
				BUNDLE_LOADER = "$(TEST_HOST)";
				CODE_SIGN_STYLE = Automatic;
				CURRENT_PROJECT_VERSION = 1;
				GENERATE_INFOPLIST_FILE = YES;
				IPHONEOS_DEPLOYMENT_TARGET = 17.0;
				MARKETING_VERSION = 1.0;
				PRODUCT_BUNDLE_IDENTIFIER = com.example.UniPassTests;
				PRODUCT_NAME = "$(TARGET_NAME)";
				SWIFT_EMIT_LOC_STRINGS = NO;
				SWIFT_VERSION = 5.0;
				TARGETED_DEVICE_FAMILY = "1,2";
				TEST_HOST = "$(BUILT_PRODUCTS_DIR)/UniPass.app/$(BUNDLE_EXECUTABLE_FOLDER_PATH)/UniPass";
			};
			name = Release;
		};
		D43D9ACE2ADB977C00062F28 /* Debug */ = {
			isa = XCBuildConfiguration;
			buildSettings = {
				ALWAYS_EMBED_SWIFT_STANDARD_LIBRARIES = YES;
				CODE_SIGN_STYLE = Automatic;
				CURRENT_PROJECT_VERSION = 1;
				GENERATE_INFOPLIST_FILE = YES;
				MARKETING_VERSION = 1.0;
				PRODUCT_BUNDLE_IDENTIFIER = com.example.UniPassUITests;
				PRODUCT_NAME = "$(TARGET_NAME)";
				SWIFT_EMIT_LOC_STRINGS = NO;
				SWIFT_VERSION = 5.0;
				TARGETED_DEVICE_FAMILY = "1,2";
				TEST_TARGET_NAME = UniPass;
			};
			name = Debug;
		};
		D43D9ACF2ADB977C00062F28 /* Release */ = {
			isa = XCBuildConfiguration;
			buildSettings = {
				ALWAYS_EMBED_SWIFT_STANDARD_LIBRARIES = YES;
				CODE_SIGN_STYLE = Automatic;
				CURRENT_PROJECT_VERSION = 1;
				GENERATE_INFOPLIST_FILE = YES;
				MARKETING_VERSION = 1.0;
				PRODUCT_BUNDLE_IDENTIFIER = com.example.UniPassUITests;
				PRODUCT_NAME = "$(TARGET_NAME)";
				SWIFT_EMIT_LOC_STRINGS = NO;
				SWIFT_VERSION = 5.0;
				TARGETED_DEVICE_FAMILY = "1,2";
				TEST_TARGET_NAME = UniPass;
			};
			name = Release;
		};
/* End XCBuildConfiguration section */

/* Begin XCConfigurationList section */
		D43D9A9E2ADB977800062F28 /* Build configuration list for PBXProject "UniPass" */ = {
			isa = XCConfigurationList;
			buildConfigurations = (
				D43D9AC52ADB977C00062F28 /* Debug */,
				D43D9AC62ADB977C00062F28 /* Release */,
			);
			defaultConfigurationIsVisible = 0;
			defaultConfigurationName = Release;
		};
		D43D9AC72ADB977C00062F28 /* Build configuration list for PBXNativeTarget "UniPass" */ = {
			isa = XCConfigurationList;
			buildConfigurations = (
				D43D9AC82ADB977C00062F28 /* Debug */,
				D43D9AC92ADB977C00062F28 /* Release */,
			);
			defaultConfigurationIsVisible = 0;
			defaultConfigurationName = Release;
		};
		D43D9ACA2ADB977C00062F28 /* Build configuration list for PBXNativeTarget "UniPassTests" */ = {
			isa = XCConfigurationList;
			buildConfigurations = (
				D43D9ACB2ADB977C00062F28 /* Debug */,
				D43D9ACC2ADB977C00062F28 /* Release */,
			);
			defaultConfigurationIsVisible = 0;
			defaultConfigurationName = Release;
		};
		D43D9ACD2ADB977C00062F28 /* Build configuration list for PBXNativeTarget "UniPassUITests" */ = {
			isa = XCConfigurationList;
			buildConfigurations = (
				D43D9ACE2ADB977C00062F28 /* Debug */,
				D43D9ACF2ADB977C00062F28 /* Release */,
			);
			defaultConfigurationIsVisible = 0;
			defaultConfigurationName = Release;
		};
/* End XCConfigurationList section */
	};
	rootObject = D43D9A9B2ADB977800062F28 /* Project object */;
}
